
Microsoft Visual Studio Solution File, Format Version 12.00
# Visual Studio Version 17
VisualStudioVersion = 17.8.34511.84
MinimumVisualStudioVersion = 10.0.40219.1
Project("{9A19103F-16F7-4668-BE54-9A1E7A4F7556}") = "Payments.Presentacion", "Payments.Presentacion\Payments.Presentacion.csproj", "{AEDD56DE-CE0C-4D03-880E-85CFEE42CDA8}"
EndProject
Project("{9A19103F-16F7-4668-BE54-9A1E7A4F7556}") = "Payments.Domain", "Payments.Domain\Payments.Domain.csproj", "{D9360B6A-96AE-4AD6-96FD-CD5736267433}"
EndProject
Project("{9A19103F-16F7-4668-BE54-9A1E7A4F7556}") = "Payments.Infrastructure", "Payments.Infrastructure\Payments.Infrastructure.csproj", "{3DE6DFE9-089E-45FA-8911-2B76ED060FFB}"
EndProject
Project("{9A19103F-16F7-4668-BE54-9A1E7A4F7556}") = "Payments.Application", "Payments.Application\Payments.Application.csproj", "{3B0922DD-EA59-447F-9CBA-C930E9FDC78B}"
EndProject
Project("{9A19103F-16F7-4668-BE54-9A1E7A4F7556}") = "Payments.UnitTests", "Payments.UnitTests\Payments.UnitTests.csproj", "{70A3A353-35F8-4990-9C03-B72515195AD1}"
EndProject
Project("{9A19103F-16F7-4668-BE54-9A1E7A4F7556}") = "ExternalProcessor", "ExternalProcessor\ExternalProcessor.csproj", "{9B6A3D04-37B2-4DCC-91A9-C9A4409F8E9F}"
EndProject
Project("{E53339B2-1760-4266-BCC7-CA923CBCF16C}") = "docker-compose", "docker-compose.dcproj", "{12B4E6FC-640C-4B9A-80A0-BC86C63BD708}"
EndProject
Global
	GlobalSection(SolutionConfigurationPlatforms) = preSolution
		Debug|Any CPU = Debug|Any CPU
		Release|Any CPU = Release|Any CPU
	EndGlobalSection
	GlobalSection(ProjectConfigurationPlatforms) = postSolution
		{AEDD56DE-CE0C-4D03-880E-85CFEE42CDA8}.Debug|Any CPU.ActiveCfg = Debug|Any CPU
		{AEDD56DE-CE0C-4D03-880E-85CFEE42CDA8}.Debug|Any CPU.Build.0 = Debug|Any CPU
		{AEDD56DE-CE0C-4D03-880E-85CFEE42CDA8}.Release|Any CPU.ActiveCfg = Release|Any CPU
		{AEDD56DE-CE0C-4D03-880E-85CFEE42CDA8}.Release|Any CPU.Build.0 = Release|Any CPU
		{D9360B6A-96AE-4AD6-96FD-CD5736267433}.Debug|Any CPU.ActiveCfg = Debug|Any CPU
		{D9360B6A-96AE-4AD6-96FD-CD5736267433}.Debug|Any CPU.Build.0 = Debug|Any CPU
		{D9360B6A-96AE-4AD6-96FD-CD5736267433}.Release|Any CPU.ActiveCfg = Release|Any CPU
		{D9360B6A-96AE-4AD6-96FD-CD5736267433}.Release|Any CPU.Build.0 = Release|Any CPU
		{3DE6DFE9-089E-45FA-8911-2B76ED060FFB}.Debug|Any CPU.ActiveCfg = Debug|Any CPU
		{3DE6DFE9-089E-45FA-8911-2B76ED060FFB}.Debug|Any CPU.Build.0 = Debug|Any CPU
		{3DE6DFE9-089E-45FA-8911-2B76ED060FFB}.Release|Any CPU.ActiveCfg = Release|Any CPU
		{3DE6DFE9-089E-45FA-8911-2B76ED060FFB}.Release|Any CPU.Build.0 = Release|Any CPU
		{3B0922DD-EA59-447F-9CBA-C930E9FDC78B}.Debug|Any CPU.ActiveCfg = Debug|Any CPU
		{3B0922DD-EA59-447F-9CBA-C930E9FDC78B}.Debug|Any CPU.Build.0 = Debug|Any CPU
		{3B0922DD-EA59-447F-9CBA-C930E9FDC78B}.Release|Any CPU.ActiveCfg = Release|Any CPU
		{3B0922DD-EA59-447F-9CBA-C930E9FDC78B}.Release|Any CPU.Build.0 = Release|Any CPU
		{70A3A353-35F8-4990-9C03-B72515195AD1}.Debug|Any CPU.ActiveCfg = Debug|Any CPU
		{70A3A353-35F8-4990-9C03-B72515195AD1}.Debug|Any CPU.Build.0 = Debug|Any CPU
		{70A3A353-35F8-4990-9C03-B72515195AD1}.Release|Any CPU.ActiveCfg = Release|Any CPU
		{70A3A353-35F8-4990-9C03-B72515195AD1}.Release|Any CPU.Build.0 = Release|Any CPU
		{9B6A3D04-37B2-4DCC-91A9-C9A4409F8E9F}.Debug|Any CPU.ActiveCfg = Debug|Any CPU
		{9B6A3D04-37B2-4DCC-91A9-C9A4409F8E9F}.Debug|Any CPU.Build.0 = Debug|Any CPU
		{9B6A3D04-37B2-4DCC-91A9-C9A4409F8E9F}.Release|Any CPU.ActiveCfg = Release|Any CPU
		{9B6A3D04-37B2-4DCC-91A9-C9A4409F8E9F}.Release|Any CPU.Build.0 = Release|Any CPU
		{12B4E6FC-640C-4B9A-80A0-BC86C63BD708}.Debug|Any CPU.ActiveCfg = Debug|Any CPU
		{12B4E6FC-640C-4B9A-80A0-BC86C63BD708}.Debug|Any CPU.Build.0 = Debug|Any CPU
		{12B4E6FC-640C-4B9A-80A0-BC86C63BD708}.Release|Any CPU.ActiveCfg = Release|Any CPU
		{12B4E6FC-640C-4B9A-80A0-BC86C63BD708}.Release|Any CPU.Build.0 = Release|Any CPU
	EndGlobalSection
	GlobalSection(SolutionProperties) = preSolution
		HideSolutionNode = FALSE
	EndGlobalSection
	GlobalSection(ExtensibilityGlobals) = postSolution
		SolutionGuid = {C9662F15-B8BE-4F05-A193-85E220D2FD11}
	EndGlobalSection
EndGlobal
